# Generated by pub
# See https://dart.dev/tools/pub/glossary#lockfile
packages:
  archive:
    dependency: transitive
    description:
      name: archive
      sha256: cb6a278ef2dbb298455e1a713bda08524a175630ec643a242c399c932a0a1f7d
      url: "https://pub.dev"
    source: hosted
    version: "3.6.1"
  collection:
    dependency: transitive
    description:
      name: collection
      sha256: "2f5709ae4d3d59dd8f7cd309b4e023046b57d8a6c82130785d2b0e5868084e76"
      url: "https://pub.dev"
    source: hosted
    version: "1.19.1"
  crypto:
    dependency: transitive
    description:
      name: crypto
      sha256: c8ea0233063ba03258fbcf2ca4d6dadfefe14f02fab57702265467a19f27fadf
      url: "https://pub.dev"
    source: hosted
    version: "3.0.7"
  equatable:
    dependency: transitive
    description:
      name: equatable
      sha256: "3e0141505477fd8ad55d6eb4e7776d3fe8430be8e497ccb1521370c3f21a3e2b"
      url: "https://pub.dev"
    source: hosted
    version: "2.0.8"
  excel:
    dependency: "direct main"
    description:
      name: excel
      sha256: "1a15327dcad260d5db21d1f6e04f04838109b39a2f6a84ea486ceda36e468780"
      url: "https://pub.dev"
    source: hosted
    version: "4.0.6"
  meta:
    dependency: transitive
    description:
      name: meta
      sha256: "9f29b9bcc8ee287b1a31e0d01be0eae99a930dbffdaecf04b3f3d82a969f296f"
      url: "https://pub.dev"
    source: hosted
    version: "1.18.1"
  path:
    dependency: transitive
    description:
      name: path
      sha256: "75cca69d1490965be98c73ceaea117e8a04dd21217b37b292c9ddbec0d955bc5"
      url: "https://pub.dev"
    source: hosted
    version: "1.9.1"
  petitparser:
    dependency: transitive
    description:
      name: petitparser
      sha256: "1a97266a94f7350d30ae522c0af07890c70b8e62c71e8e3920d1db4d23c057d1"
      url: "https://pub.dev"
    source: hosted
    version: "7.0.1"
  typed_data:
    dependency: transitive
    description:
      name: typed_data
      sha256: f9049c039ebfeb4cf7a7104a675823cd72dba8297f264b6637062516699fa006
      url: "https://pub.dev"
    source: hosted
    version: "1.4.0"
  xml:
    dependency: transitive
    description:
      name: xml
      sha256: "971043b3a0d3da28727e40ed3e0b5d18b742fa5a68665cca88e74b7876d5e025"
      url: "https://pub.dev"
    source: hosted
    version: "6.6.1"
sdks:
  dart: ">=3.8.0 <4.0.0"
